
Microsoft Visual Studio Solution File, Format Version 12.00
# Visual Studio 15
VisualStudioVersion = 15.0.27703.2026
MinimumVisualStudioVersion = 10.0.40219.1
Project("{FAE04EC0-301F-11D3-BF4B-00C04F79EFBC}") = "Poems", "Poems\Poems.csproj", "{77D5217C-5A56-4670-BAFB-B18BAE083B7E}"
EndProject
Global
	GlobalSection(SolutionConfigurationPlatforms) = preSolution
		Debug|Any CPU = Debug|Any CPU
		Release|Any CPU = Release|Any CPU
	EndGlobalSection
	GlobalSection(ProjectConfigurationPlatforms) = postSolution
		{77D5217C-5A56-4670-BAFB-B18BAE083B7E}.Debug|Any CPU.ActiveCfg = Debug|Any CPU
		{77D5217C-5A56-4670-BAFB-B18BAE083B7E}.Debug|Any CPU.Build.0 = Debug|Any CPU
		{77D5217C-5A56-4670-BAFB-B18BAE083B7E}.Release|Any CPU.ActiveCfg = Release|Any CPU
		{77D5217C-5A56-4670-BAFB-B18BAE083B7E}.Release|Any CPU.Build.0 = Release|Any CPU
	EndGlobalSection
	GlobalSection(SolutionProperties) = preSolution
		HideSolutionNode = FALSE
	EndGlobalSection
	GlobalSection(ExtensibilityGlobals) = postSolution
		SolutionGuid = {C958D87D-CDA0-410E-B93E-BCCD085BCBF3}
	EndGlobalSection
EndGlobal
